// !$*UTF8*$!
{
	archiveVersion = 1;
	classes = {
	};
	objectVersion = 77;
	objects = {

/* Begin PBXBuildFile section */
		02669D6FEE2591498532D9E5 /* ControlHotkeyMonitor.swift in Sources */ = {isa = PBXBuildFile; fileRef = F83421D0E2282A956B0582B1 /* ControlHotkeyMonitor.swift */; };
		0301D15094BA1074D02033D7 /* MumlaWidgets.appex in Embed Foundation Extensions */ = {isa = PBXBuildFile; fileRef = B2FE40E14122384A93F10589 /* MumlaWidgets.appex */; settings = {ATTRIBUTES = (RemoveHeadersOnCopy, ); }; };
		065760EDCEF33AA9175A54F5 /* ControlHotkeyMonitor.swift in Sources */ = {isa = PBXBuildFile; fileRef = F83421D0E2282A956B0582B1 /* ControlHotkeyMonitor.swift */; };
		0B9CC038F26F324291172FFF /* PillWindowController.swift in Sources */ = {isa = PBXBuildFile; fileRef = 898B56239AD94246CC0FF25C /* PillWindowController.swift */; };
		0BD5D83FD0DB99F385652090 /* MumlaUI in Frameworks */ = {isa = PBXBuildFile; productRef = 07493FEA651A87897D27D793 /* MumlaUI */; };
		19D868E6B2A7ACA32F0BB865 /* MumlaMacApp.swift in Sources */ = {isa = PBXBuildFile; fileRef = 8CABE61830264A5E94E1AE0A /* MumlaMacApp.swift */; };
		25AED98B3018961C52085E75 /* MumlaUITests.swift in Sources */ = {isa = PBXBuildFile; fileRef = 1310E3572482FC03B0D19FEA /* MumlaUITests.swift */; };
		27F538873CE6DB98AE927318 /* KeyboardPreviewHarness.swift in Sources */ = {isa = PBXBuildFile; fileRef = 4A8F18D733A016100EF500D8 /* KeyboardPreviewHarness.swift */; };
		2B7589E69123A05BE17AA7B3 /* KeyboardDictationSession.swift in Sources */ = {isa = PBXBuildFile; fileRef = 42A7517B63D04C1EB0D2482B /* KeyboardDictationSession.swift */; };
		2DD4FB04F443B74040B4CF10 /* MacStorageDirectory.swift in Sources */ = {isa = PBXBuildFile; fileRef = AD2A5ED36C0CB5E7C5404357 /* MacStorageDirectory.swift */; };
		30DB43CEA9D36A0FA8AF366A /* StatusMenuController.swift in Sources */ = {isa = PBXBuildFile; fileRef = B8EB2AAABD2686E35D12AB3D /* StatusMenuController.swift */; };
		31E49F3BECFF6AF727DB80EE /* MumlaCore in Frameworks */ = {isa = PBXBuildFile; productRef = 75CC8FED39427CE6DD48F6F0 /* MumlaCore */; };
		391610879AA51AC52FF2AFA0 /* AppUpdateInstallGate.swift in Sources */ = {isa = PBXBuildFile; fileRef = 4F714EC45E778208073B7D48 /* AppUpdateInstallGate.swift */; };
		3BE37B36525EA6882CBD0E58 /* MumlaUI in Frameworks */ = {isa = PBXBuildFile; productRef = 774F6B637BA229F4B010927A /* MumlaUI */; };
		3E933F596B69DA7F5E9AED40 /* PillWindowController.swift in Sources */ = {isa = PBXBuildFile; fileRef = 898B56239AD94246CC0FF25C /* PillWindowController.swift */; };
		3EEDD778CC07125E773AEF45 /* MumlaUI in Frameworks */ = {isa = PBXBuildFile; productRef = C6DED7A42B8D56339AB76A38 /* MumlaUI */; };
		47646516A2C545F39F0D2A67 /* CorrectableTranscript.swift in Sources */ = {isa = PBXBuildFile; fileRef = CE353AB1AAC2AB5A392B97A0 /* CorrectableTranscript.swift */; };
		497FBD9C8D95567A213457FE /* KeyboardAudioCapture.swift in Sources */ = {isa = PBXBuildFile; fileRef = 23B41E011FCC4BFABC9BFDC0 /* KeyboardAudioCapture.swift */; };
		4BD34DE07A2E83C28BC39532 /* LaunchAtLoginController.swift in Sources */ = {isa = PBXBuildFile; fileRef = A432FF30D74178468BEBF0F3 /* LaunchAtLoginController.swift */; };
		4C360FB45B6D0C7DBACB2491 /* ClipboardTextInserter.swift in Sources */ = {isa = PBXBuildFile; fileRef = 9ED87806BE4C21D18F289C16 /* ClipboardTextInserter.swift */; };
		4E2291D64BBE014A4FF6BE7D /* MumlaHomeView.swift in Sources */ = {isa = PBXBuildFile; fileRef = 6EBC9893C10E28C33680B55C /* MumlaHomeView.swift */; };
		4EBDD6C2EDE4DD83B5E10F48 /* MacUpdateController.swift in Sources */ = {isa = PBXBuildFile; fileRef = 04055FB8BA15C8D1036D8CD3 /* MacUpdateController.swift */; };
		5383AD414A7C20B2C8D57A59 /* FocusedTextTargetInspector.swift in Sources */ = {isa = PBXBuildFile; fileRef = D8382049E23AFEAADB46B0B4 /* FocusedTextTargetInspector.swift */; };
		53B809D47C29BFD1DFDB420E /* AccessibilityPermission.swift in Sources */ = {isa = PBXBuildFile; fileRef = D98CC6F600C41A98D21E9289 /* AccessibilityPermission.swift */; };
		57626479B27E8D104DD07047 /* MumlaUI in Frameworks */ = {isa = PBXBuildFile; productRef = 5642B22DF990E1C9A6F8EE1A /* MumlaUI */; };
		57D2461181FFD8C44BBB9162 /* MainWindowController.swift in Sources */ = {isa = PBXBuildFile; fileRef = F9B5D76BF5AEDB09D049D0E2 /* MainWindowController.swift */; };
		5D99978EB75E2BDF1F9CD88E /* AppUpdateInstallGate.swift in Sources */ = {isa = PBXBuildFile; fileRef = 4F714EC45E778208073B7D48 /* AppUpdateInstallGate.swift */; };
		5F0FAEAF7752016AE5C97F67 /* Sparkle in Frameworks */ = {isa = PBXBuildFile; productRef = 519A2842446BC1359D62140E /* Sparkle */; };
		5FEC291BE863F4FB9756E2FF /* KeyboardSessionActivity.swift in Sources */ = {isa = PBXBuildFile; fileRef = 169E390DD01C7C1E1296A047 /* KeyboardSessionActivity.swift */; };
		6381149654C0DF316C1ADCC8 /* LaunchAtLoginController.swift in Sources */ = {isa = PBXBuildFile; fileRef = A432FF30D74178468BEBF0F3 /* LaunchAtLoginController.swift */; };
		668A4B23244D1339FE361FFC /* KeyboardViewController.swift in Sources */ = {isa = PBXBuildFile; fileRef = E8872258132BA6AB31FED6E5 /* KeyboardViewController.swift */; };
		748E13453C97705C236EE45A /* DictationSession.swift in Sources */ = {isa = PBXBuildFile; fileRef = F29B34DB8773C80755E4CDC9 /* DictationSession.swift */; };
		765F0AD946AB3DB8FE9A3C74 /* MumlaCore in Frameworks */ = {isa = PBXBuildFile; productRef = 659F23D5D52E09F72854982F /* MumlaCore */; };
		79981F12C18B985B1A82EE66 /* MumlaSheets.swift in Sources */ = {isa = PBXBuildFile; fileRef = 4F2BECF807FAB06C9EEA307B /* MumlaSheets.swift */; };
		7E8D425EA6F7DB8E1BD1A830 /* FocusedTextTargetInspector.swift in Sources */ = {isa = PBXBuildFile; fileRef = D8382049E23AFEAADB46B0B4 /* FocusedTextTargetInspector.swift */; };
		81F1DC32ADD15685188CDD18 /* ClipboardTextInserter.swift in Sources */ = {isa = PBXBuildFile; fileRef = 9ED87806BE4C21D18F289C16 /* ClipboardTextInserter.swift */; };
		8463FA770CBD257B18E65DA4 /* HotkeyEventSource.swift in Sources */ = {isa = PBXBuildFile; fileRef = 739B2F5F9F0924ABC72E981F /* HotkeyEventSource.swift */; };
		8D6D006F7B00BA0D51DC32A3 /* KeyboardSessionActivity.swift in Sources */ = {isa = PBXBuildFile; fileRef = 169E390DD01C7C1E1296A047 /* KeyboardSessionActivity.swift */; };
		92FEFDDA53433933C2D8C0F3 /* Assets.xcassets in Resources */ = {isa = PBXBuildFile; fileRef = DE0C3F8DC853DBE2181553E6 /* Assets.xcassets */; };
		9735A3D7D4FD626EAB89372E /* MainWindowController.swift in Sources */ = {isa = PBXBuildFile; fileRef = F9B5D76BF5AEDB09D049D0E2 /* MainWindowController.swift */; };
		9C06DA0EACC523C9783D5717 /* MumlaAudio in Frameworks */ = {isa = PBXBuildFile; productRef = C491BBC3375F9562F9A9D873 /* MumlaAudio */; };
		A574CF983F6E06E20756689C /* HotkeyEventSource.swift in Sources */ = {isa = PBXBuildFile; fileRef = 739B2F5F9F0924ABC72E981F /* HotkeyEventSource.swift */; };
		A774592AA706D3097154EC0B /* MacUpdateController.swift in Sources */ = {isa = PBXBuildFile; fileRef = 04055FB8BA15C8D1036D8CD3 /* MacUpdateController.swift */; };
		ABD30B6FE86268ED77F7D69C /* MumlaCore in Frameworks */ = {isa = PBXBuildFile; productRef = 0DDCBC9B5E04500DC92D19F9 /* MumlaCore */; };
		AD90C06988792860C1D9F6FD /* PillView.swift in Sources */ = {isa = PBXBuildFile; fileRef = 749B69E10CE6D1D7FC443EBA /* PillView.swift */; };
		B20D8AB68B32ABBAD570899A /* AccessibilityPermission.swift in Sources */ = {isa = PBXBuildFile; fileRef = D98CC6F600C41A98D21E9289 /* AccessibilityPermission.swift */; };
		B300AA5D46F982F27219F3C2 /* Assets.xcassets in Resources */ = {isa = PBXBuildFile; fileRef = 92571BD96423422D811E989B /* Assets.xcassets */; };
		B35A13B0268D4F610D5B8C38 /* PillView.swift in Sources */ = {isa = PBXBuildFile; fileRef = 749B69E10CE6D1D7FC443EBA /* PillView.swift */; };
		B3C2CE5843FB1780074B06D0 /* AppCoordinator.swift in Sources */ = {isa = PBXBuildFile; fileRef = 0932AADEC6AB5EDEE9CB8682 /* AppCoordinator.swift */; };
		B5201BB10944B9325AFAA8FC /* MainView.swift in Sources */ = {isa = PBXBuildFile; fileRef = A26F840006A86E01CDD6438C /* MainView.swift */; };
		B7A29B34EE46B28B15AE4581 /* FocusedFieldEditObserver.swift in Sources */ = {isa = PBXBuildFile; fileRef = 2E9E201F7873D3990316137D /* FocusedFieldEditObserver.swift */; };
		BA3F945570826A391E965859 /* MainView.swift in Sources */ = {isa = PBXBuildFile; fileRef = A26F840006A86E01CDD6438C /* MainView.swift */; };
		BC59DCA6E81E340BEFFC281B /* MumlaApp.swift in Sources */ = {isa = PBXBuildFile; fileRef = F83E6911303AC4BC9E5177E8 /* MumlaApp.swift */; };
		BC5E686832CC6496E3F1DCC2 /* MumlaCore in Frameworks */ = {isa = PBXBuildFile; productRef = 0AEFF1145452A94A52DBBB40 /* MumlaCore */; };
		BE32EB9AFC91A28357364AD6 /* AppCoordinator.swift in Sources */ = {isa = PBXBuildFile; fileRef = 0932AADEC6AB5EDEE9CB8682 /* AppCoordinator.swift */; };
		C269080771F75259FBDF0D4A /* MumlaCore in Frameworks */ = {isa = PBXBuildFile; productRef = F2609A56CC257B5C0FCF5E47 /* MumlaCore */; };
		C2BE52AF10B2327351D27901 /* FocusedFieldEditObserver.swift in Sources */ = {isa = PBXBuildFile; fileRef = 2E9E201F7873D3990316137D /* FocusedFieldEditObserver.swift */; };
		D008130794F3D58FAD3FC6A3 /* MumlaWidgets.swift in Sources */ = {isa = PBXBuildFile; fileRef = BD10F02C250E626695DAB3B1 /* MumlaWidgets.swift */; };
		D252C9BE4F6BDE0A919FFE30 /* MumlaUI in Frameworks */ = {isa = PBXBuildFile; productRef = 946D9658BC9A10346B877E47 /* MumlaUI */; };
		D2BCCAC15B2A2E2B9DCFBE52 /* KeyboardSetupSheet.swift in Sources */ = {isa = PBXBuildFile; fileRef = F3BD6FBC12AC66C73C20D444 /* KeyboardSetupSheet.swift */; };
		D3354B508BC8C7CD6753E616 /* MumlaMacApp.swift in Sources */ = {isa = PBXBuildFile; fileRef = 8CABE61830264A5E94E1AE0A /* MumlaMacApp.swift */; };
		D57564011157DE5A651A0B00 /* MumlaKeyboard.appex in Embed Foundation Extensions */ = {isa = PBXBuildFile; fileRef = 791F70BF1C779A4CF3E87870 /* MumlaKeyboard.appex */; settings = {ATTRIBUTES = (RemoveHeadersOnCopy, ); }; };
		D6BA2CFD675261088FA2F5C2 /* MumlaAudio in Frameworks */ = {isa = PBXBuildFile; productRef = DCCF805E83C2E642E16A02D7 /* MumlaAudio */; };
		E1A659AA19BCEB3C4566EE59 /* MumlaAudio in Frameworks */ = {isa = PBXBuildFile; productRef = 021BC8B02CA8F42D521D39E4 /* MumlaAudio */; };
		E96A6626ADB312ADEBB76BE2 /* KeyboardAudioCaptureTests.swift in Sources */ = {isa = PBXBuildFile; fileRef = 9222E27C9A685214FBE17749 /* KeyboardAudioCaptureTests.swift */; };
		F6BB33EB8DA3043C0153E813 /* Assets.xcassets in Resources */ = {isa = PBXBuildFile; fileRef = 92571BD96423422D811E989B /* Assets.xcassets */; };
		F78A2C4346174E97A1701275 /* MacStorageDirectory.swift in Sources */ = {isa = PBXBuildFile; fileRef = AD2A5ED36C0CB5E7C5404357 /* MacStorageDirectory.swift */; };
		FCB324B1695DC0C9876A6350 /* StatusMenuController.swift in Sources */ = {isa = PBXBuildFile; fileRef = B8EB2AAABD2686E35D12AB3D /* StatusMenuController.swift */; };
/* End PBXBuildFile section */

/* Begin PBXContainerItemProxy section */
		79E170A47082154AA85546E0 /* PBXContainerItemProxy */ = {
			isa = PBXContainerItemProxy;
			containerPortal = 3C67C509A4F6F34DDB8C4594 /* Project object */;
			proxyType = 1;
			remoteGlobalIDString = 8E7A10A7CA10C460A1FF55C0;
			remoteInfo = MumlaKeyboard;
		};
		7F31C730CC34A340BDF44903 /* PBXContainerItemProxy */ = {
			isa = PBXContainerItemProxy;
			containerPortal = 3C67C509A4F6F34DDB8C4594 /* Project object */;
			proxyType = 1;
			remoteGlobalIDString = C8A7C6C1CFBEB957E9A70E84;
			remoteInfo = Mumla;
		};
		9EDDF0AB61CA68E8E8423692 /* PBXContainerItemProxy */ = {
			isa = PBXContainerItemProxy;
			containerPortal = 3C67C509A4F6F34DDB8C4594 /* Project object */;
			proxyType = 1;
			remoteGlobalIDString = C8A7C6C1CFBEB957E9A70E84;
			remoteInfo = Mumla;
		};
		A3E290A5796C3D2C963B9F26 /* PBXContainerItemProxy */ = {
			isa = PBXContainerItemProxy;
			containerPortal = 3C67C509A4F6F34DDB8C4594 /* Project object */;
			proxyType = 1;
			remoteGlobalIDString = C7C4FD593979683E8896F3EC;
			remoteInfo = MumlaWidgets;
		};
/* End PBXContainerItemProxy section */

/* Begin PBXCopyFilesBuildPhase section */
		1E6BB3E67222BD1420686562 /* Embed Foundation Extensions */ = {
			isa = PBXCopyFilesBuildPhase;
			buildActionMask = 2147483647;
			dstPath = "";
			dstSubfolderSpec = 13;
			files = (
				D57564011157DE5A651A0B00 /* MumlaKeyboard.appex in Embed Foundation Extensions */,
				0301D15094BA1074D02033D7 /* MumlaWidgets.appex in Embed Foundation Extensions */,
			);
			name = "Embed Foundation Extensions";
			runOnlyForDeploymentPostprocessing = 0;
		};
/* End PBXCopyFilesBuildPhase section */

/* Begin PBXFileReference section */
		030F8A6D1C90CD95ABAE4536 /* Mumla.entitlements */ = {isa = PBXFileReference; lastKnownFileType = text.plist.entitlements; path = Mumla.entitlements; sourceTree = "<group>"; };
		04055FB8BA15C8D1036D8CD3 /* MacUpdateController.swift */ = {isa = PBXFileReference; lastKnownFileType = sourcecode.swift; path = MacUpdateController.swift; sourceTree = "<group>"; };
		04BE26D93A1FAC26E9D592D0 /* Info.plist */ = {isa = PBXFileReference; lastKnownFileType = text.plist; path = Info.plist; sourceTree = "<group>"; };
		0932AADEC6AB5EDEE9CB8682 /* AppCoordinator.swift */ = {isa = PBXFileReference; lastKnownFileType = sourcecode.swift; path = AppCoordinator.swift; sourceTree = "<group>"; };
		0D7DC48BF893D41E14900954 /* Mumla.app */ = {isa = PBXFileReference; includeInIndex = 0; lastKnownFileType = wrapper.application; path = Mumla.app; sourceTree = BUILT_PRODUCTS_DIR; };
		1157374AA0FC3F62BD6FAEBE /* Info.plist */ = {isa = PBXFileReference; lastKnownFileType = text.plist; path = Info.plist; sourceTree = "<group>"; };
		1310E3572482FC03B0D19FEA /* MumlaUITests.swift */ = {isa = PBXFileReference; lastKnownFileType = sourcecode.swift; path = MumlaUITests.swift; sourceTree = "<group>"; };
		169E390DD01C7C1E1296A047 /* KeyboardSessionActivity.swift */ = {isa = PBXFileReference; lastKnownFileType = sourcecode.swift; path = KeyboardSessionActivity.swift; sourceTree = "<group>"; };
		23B41E011FCC4BFABC9BFDC0 /* KeyboardAudioCapture.swift */ = {isa = PBXFileReference; lastKnownFileType = sourcecode.swift; path = KeyboardAudioCapture.swift; sourceTree = "<group>"; };
		2E9E201F7873D3990316137D /* FocusedFieldEditObserver.swift */ = {isa = PBXFileReference; lastKnownFileType = sourcecode.swift; path = FocusedFieldEditObserver.swift; sourceTree = "<group>"; };
		42A7517B63D04C1EB0D2482B /* KeyboardDictationSession.swift */ = {isa = PBXFileReference; lastKnownFileType = sourcecode.swift; path = KeyboardDictationSession.swift; sourceTree = "<group>"; };
		44E58014013CC8E21640D766 /* MumlaMacDirect.app */ = {isa = PBXFileReference; explicitFileType = wrapper.application; includeInIndex = 0; path = MumlaMacDirect.app; sourceTree = BUILT_PRODUCTS_DIR; };
		4A8F18D733A016100EF500D8 /* KeyboardPreviewHarness.swift */ = {isa = PBXFileReference; lastKnownFileType = sourcecode.swift; path = KeyboardPreviewHarness.swift; sourceTree = "<group>"; };
		4F2BECF807FAB06C9EEA307B /* MumlaSheets.swift */ = {isa = PBXFileReference; lastKnownFileType = sourcecode.swift; path = MumlaSheets.swift; sourceTree = "<group>"; };
		4F714EC45E778208073B7D48 /* AppUpdateInstallGate.swift */ = {isa = PBXFileReference; lastKnownFileType = sourcecode.swift; path = AppUpdateInstallGate.swift; sourceTree = "<group>"; };
		4F7F84A3491DB7F273F94E53 /* MumlaMac.app */ = {isa = PBXFileReference; explicitFileType = wrapper.application; includeInIndex = 0; path = MumlaMac.app; sourceTree = BUILT_PRODUCTS_DIR; };
		5A3A2CDBEC82B9925A49C8C4 /* Mumla */ = {isa = PBXFileReference; lastKnownFileType = folder; name = Mumla; path = .; sourceTree = SOURCE_ROOT; };
		5F0C3ED11C5B2FA89DB25EC2 /* Info.plist */ = {isa = PBXFileReference; lastKnownFileType = text.plist; path = Info.plist; sourceTree = "<group>"; };
		68ACD3D29BE320734D8C94AC /* MumlaIOSTests.xctest */ = {isa = PBXFileReference; includeInIndex = 0; lastKnownFileType = wrapper.cfbundle; path = MumlaIOSTests.xctest; sourceTree = BUILT_PRODUCTS_DIR; };
		6EBC9893C10E28C33680B55C /* MumlaHomeView.swift */ = {isa = PBXFileReference; lastKnownFileType = sourcecode.swift; path = MumlaHomeView.swift; sourceTree = "<group>"; };
		739B2F5F9F0924ABC72E981F /* HotkeyEventSource.swift */ = {isa = PBXFileReference; lastKnownFileType = sourcecode.swift; path = HotkeyEventSource.swift; sourceTree = "<group>"; };
		749B69E10CE6D1D7FC443EBA /* PillView.swift */ = {isa = PBXFileReference; lastKnownFileType = sourcecode.swift; path = PillView.swift; sourceTree = "<group>"; };
		791F70BF1C779A4CF3E87870 /* MumlaKeyboard.appex */ = {isa = PBXFileReference; includeInIndex = 0; lastKnownFileType = "wrapper.app-extension"; path = MumlaKeyboard.appex; sourceTree = BUILT_PRODUCTS_DIR; };
		898B56239AD94246CC0FF25C /* PillWindowController.swift */ = {isa = PBXFileReference; lastKnownFileType = sourcecode.swift; path = PillWindowController.swift; sourceTree = "<group>"; };
		8CABE61830264A5E94E1AE0A /* MumlaMacApp.swift */ = {isa = PBXFileReference; lastKnownFileType = sourcecode.swift; path = MumlaMacApp.swift; sourceTree = "<group>"; };
		9222E27C9A685214FBE17749 /* KeyboardAudioCaptureTests.swift */ = {isa = PBXFileReference; lastKnownFileType = sourcecode.swift; path = KeyboardAudioCaptureTests.swift; sourceTree = "<group>"; };
		92571BD96423422D811E989B /* Assets.xcassets */ = {isa = PBXFileReference; lastKnownFileType = folder.assetcatalog; path = Assets.xcassets; sourceTree = "<group>"; };
		9ED87806BE4C21D18F289C16 /* ClipboardTextInserter.swift */ = {isa = PBXFileReference; lastKnownFileType = sourcecode.swift; path = ClipboardTextInserter.swift; sourceTree = "<group>"; };
		A26F840006A86E01CDD6438C /* MainView.swift */ = {isa = PBXFileReference; lastKnownFileType = sourcecode.swift; path = MainView.swift; sourceTree = "<group>"; };
		A432FF30D74178468BEBF0F3 /* LaunchAtLoginController.swift */ = {isa = PBXFileReference; lastKnownFileType = sourcecode.swift; path = LaunchAtLoginController.swift; sourceTree = "<group>"; };
		A44896DAE01862EDE4160F60 /* MumlaKeyboard.entitlements */ = {isa = PBXFileReference; lastKnownFileType = text.plist.entitlements; path = MumlaKeyboard.entitlements; sourceTree = "<group>"; };
		AD2A5ED36C0CB5E7C5404357 /* MacStorageDirectory.swift */ = {isa = PBXFileReference; lastKnownFileType = sourcecode.swift; path = MacStorageDirectory.swift; sourceTree = "<group>"; };
		B2FE40E14122384A93F10589 /* MumlaWidgets.appex */ = {isa = PBXFileReference; includeInIndex = 0; lastKnownFileType = "wrapper.app-extension"; path = MumlaWidgets.appex; sourceTree = BUILT_PRODUCTS_DIR; };
		B8EB2AAABD2686E35D12AB3D /* StatusMenuController.swift */ = {isa = PBXFileReference; lastKnownFileType = sourcecode.swift; path = StatusMenuController.swift; sourceTree = "<group>"; };
		BD10F02C250E626695DAB3B1 /* MumlaWidgets.swift */ = {isa = PBXFileReference; lastKnownFileType = sourcecode.swift; path = MumlaWidgets.swift; sourceTree = "<group>"; };
		CE353AB1AAC2AB5A392B97A0 /* CorrectableTranscript.swift */ = {isa = PBXFileReference; lastKnownFileType = sourcecode.swift; path = CorrectableTranscript.swift; sourceTree = "<group>"; };
		D8382049E23AFEAADB46B0B4 /* FocusedTextTargetInspector.swift */ = {isa = PBXFileReference; lastKnownFileType = sourcecode.swift; path = FocusedTextTargetInspector.swift; sourceTree = "<group>"; };
		D98CC6F600C41A98D21E9289 /* AccessibilityPermission.swift */ = {isa = PBXFileReference; lastKnownFileType = sourcecode.swift; path = AccessibilityPermission.swift; sourceTree = "<group>"; };
		DE0C3F8DC853DBE2181553E6 /* Assets.xcassets */ = {isa = PBXFileReference; lastKnownFileType = folder.assetcatalog; path = Assets.xcassets; sourceTree = "<group>"; };
		E17F216D3C2376C3B2F82E42 /* MumlaWidgets.entitlements */ = {isa = PBXFileReference; lastKnownFileType = text.plist.entitlements; path = MumlaWidgets.entitlements; sourceTree = "<group>"; };
		E8872258132BA6AB31FED6E5 /* KeyboardViewController.swift */ = {isa = PBXFileReference; lastKnownFileType = sourcecode.swift; path = KeyboardViewController.swift; sourceTree = "<group>"; };
		E8C8EAC8BCA99267DCFC8585 /* MumlaUITests.xctest */ = {isa = PBXFileReference; includeInIndex = 0; lastKnownFileType = wrapper.cfbundle; path = MumlaUITests.xctest; sourceTree = BUILT_PRODUCTS_DIR; };
		F29B34DB8773C80755E4CDC9 /* DictationSession.swift */ = {isa = PBXFileReference; lastKnownFileType = sourcecode.swift; path = DictationSession.swift; sourceTree = "<group>"; };
		F3BD6FBC12AC66C73C20D444 /* KeyboardSetupSheet.swift */ = {isa = PBXFileReference; lastKnownFileType = sourcecode.swift; path = KeyboardSetupSheet.swift; sourceTree = "<group>"; };
		F83421D0E2282A956B0582B1 /* ControlHotkeyMonitor.swift */ = {isa = PBXFileReference; lastKnownFileType = sourcecode.swift; path = ControlHotkeyMonitor.swift; sourceTree = "<group>"; };
		F83E6911303AC4BC9E5177E8 /* MumlaApp.swift */ = {isa = PBXFileReference; lastKnownFileType = sourcecode.swift; path = MumlaApp.swift; sourceTree = "<group>"; };
		F9B5D76BF5AEDB09D049D0E2 /* MainWindowController.swift */ = {isa = PBXFileReference; lastKnownFileType = sourcecode.swift; path = MainWindowController.swift; sourceTree = "<group>"; };
/* End PBXFileReference section */

/* Begin PBXFrameworksBuildPhase section */
		780EC63BEED8FA5305193BBD /* Frameworks */ = {
			isa = PBXFrameworksBuildPhase;
			buildActionMask = 2147483647;
			files = (
				31E49F3BECFF6AF727DB80EE /* MumlaCore in Frameworks */,
				3BE37B36525EA6882CBD0E58 /* MumlaUI in Frameworks */,
			);
			runOnlyForDeploymentPostprocessing = 0;
		};
		7A22940B9D7BEEACB64E9DA3 /* Frameworks */ = {
			isa = PBXFrameworksBuildPhase;
			buildActionMask = 2147483647;
			files = (
				C269080771F75259FBDF0D4A /* MumlaCore in Frameworks */,
				D6BA2CFD675261088FA2F5C2 /* MumlaAudio in Frameworks */,
				57626479B27E8D104DD07047 /* MumlaUI in Frameworks */,
			);
			runOnlyForDeploymentPostprocessing = 0;
		};
		C456B922BA4A7C5B12BFDE6E /* Frameworks */ = {
			isa = PBXFrameworksBuildPhase;
			buildActionMask = 2147483647;
			files = (
				ABD30B6FE86268ED77F7D69C /* MumlaCore in Frameworks */,
				9C06DA0EACC523C9783D5717 /* MumlaAudio in Frameworks */,
				3EEDD778CC07125E773AEF45 /* MumlaUI in Frameworks */,
			);
			runOnlyForDeploymentPostprocessing = 0;
		};
		D90CF15B580230519C49F22B /* Frameworks */ = {
			isa = PBXFrameworksBuildPhase;
			buildActionMask = 2147483647;
			files = (
				BC5E686832CC6496E3F1DCC2 /* MumlaCore in Frameworks */,
				E1A659AA19BCEB3C4566EE59 /* MumlaAudio in Frameworks */,
				D252C9BE4F6BDE0A919FFE30 /* MumlaUI in Frameworks */,
				5F0FAEAF7752016AE5C97F67 /* Sparkle in Frameworks */,
			);
			runOnlyForDeploymentPostprocessing = 0;
		};
		E29E833228AF7CE5DEB55838 /* Frameworks */ = {
			isa = PBXFrameworksBuildPhase;
			buildActionMask = 2147483647;
			files = (
				765F0AD946AB3DB8FE9A3C74 /* MumlaCore in Frameworks */,
				0BD5D83FD0DB99F385652090 /* MumlaUI in Frameworks */,
			);
			runOnlyForDeploymentPostprocessing = 0;
		};
/* End PBXFrameworksBuildPhase section */

/* Begin PBXGroup section */
		0163110246DC1E9FE05BC011 /* MumlaIOSTests */ = {
			isa = PBXGroup;
			children = (
				9222E27C9A685214FBE17749 /* KeyboardAudioCaptureTests.swift */,
			);
			name = MumlaIOSTests;
			path = Tests/MumlaIOSTests;
			sourceTree = "<group>";
		};
		19420A6CEF8F15B4641F4DA6 = {
			isa = PBXGroup;
			children = (
				610D592A6678EA7B4E19E086 /* Mumla */,
				0163110246DC1E9FE05BC011 /* MumlaIOSTests */,
				437297EA5282792F931055B0 /* MumlaKeyboard */,
				657B700994A04EE67A400192 /* MumlaMac */,
				52CCEF403C28F8BFB947B1D4 /* MumlaUITests */,
				68083F43256C3DF7A9B5A6C2 /* MumlaWidgets */,
				EF3BC2D02AC5C4708D03B55C /* Packages */,
				7FFC68FB74EAB2B63D9F5E6F /* Resources */,
				59E34F43B19A074EFA520066 /* Shared */,
				6519C290311E8BDCCE3A84D3 /* Products */,
			);
			sourceTree = "<group>";
		};
		437297EA5282792F931055B0 /* MumlaKeyboard */ = {
			isa = PBXGroup;
			children = (
				1157374AA0FC3F62BD6FAEBE /* Info.plist */,
				E8872258132BA6AB31FED6E5 /* KeyboardViewController.swift */,
				A44896DAE01862EDE4160F60 /* MumlaKeyboard.entitlements */,
			);
			name = MumlaKeyboard;
			path = Apps/iOS/MumlaKeyboard;
			sourceTree = "<group>";
		};
		52CCEF403C28F8BFB947B1D4 /* MumlaUITests */ = {
			isa = PBXGroup;
			children = (
				1310E3572482FC03B0D19FEA /* MumlaUITests.swift */,
			);
			name = MumlaUITests;
			path = Tests/MumlaUITests;
			sourceTree = "<group>";
		};
		59E34F43B19A074EFA520066 /* Shared */ = {
			isa = PBXGroup;
			children = (
				169E390DD01C7C1E1296A047 /* KeyboardSessionActivity.swift */,
			);
			name = Shared;
			path = Apps/iOS/Shared;
			sourceTree = "<group>";
		};
		610D592A6678EA7B4E19E086 /* Mumla */ = {
			isa = PBXGroup;
			children = (
				CE353AB1AAC2AB5A392B97A0 /* CorrectableTranscript.swift */,
				F29B34DB8773C80755E4CDC9 /* DictationSession.swift */,
				5F0C3ED11C5B2FA89DB25EC2 /* Info.plist */,
				23B41E011FCC4BFABC9BFDC0 /* KeyboardAudioCapture.swift */,
				42A7517B63D04C1EB0D2482B /* KeyboardDictationSession.swift */,
				4A8F18D733A016100EF500D8 /* KeyboardPreviewHarness.swift */,
				F3BD6FBC12AC66C73C20D444 /* KeyboardSetupSheet.swift */,
				030F8A6D1C90CD95ABAE4536 /* Mumla.entitlements */,
				F83E6911303AC4BC9E5177E8 /* MumlaApp.swift */,
				6EBC9893C10E28C33680B55C /* MumlaHomeView.swift */,
				4F2BECF807FAB06C9EEA307B /* MumlaSheets.swift */,
				9E197791A43590C2139C946B /* Resources */,
			);
			name = Mumla;
			path = Apps/iOS/Mumla;
			sourceTree = "<group>";
		};
		6519C290311E8BDCCE3A84D3 /* Products */ = {
			isa = PBXGroup;
			children = (
				0D7DC48BF893D41E14900954 /* Mumla.app */,
				68ACD3D29BE320734D8C94AC /* MumlaIOSTests.xctest */,
				791F70BF1C779A4CF3E87870 /* MumlaKeyboard.appex */,
				4F7F84A3491DB7F273F94E53 /* MumlaMac.app */,
				44E58014013CC8E21640D766 /* MumlaMacDirect.app */,
				E8C8EAC8BCA99267DCFC8585 /* MumlaUITests.xctest */,
				B2FE40E14122384A93F10589 /* MumlaWidgets.appex */,
			);
			name = Products;
			sourceTree = "<group>";
		};
		657B700994A04EE67A400192 /* MumlaMac */ = {
			isa = PBXGroup;
			children = (
				D98CC6F600C41A98D21E9289 /* AccessibilityPermission.swift */,
				0932AADEC6AB5EDEE9CB8682 /* AppCoordinator.swift */,
				4F714EC45E778208073B7D48 /* AppUpdateInstallGate.swift */,
				9ED87806BE4C21D18F289C16 /* ClipboardTextInserter.swift */,
				F83421D0E2282A956B0582B1 /* ControlHotkeyMonitor.swift */,
				2E9E201F7873D3990316137D /* FocusedFieldEditObserver.swift */,
				D8382049E23AFEAADB46B0B4 /* FocusedTextTargetInspector.swift */,
				739B2F5F9F0924ABC72E981F /* HotkeyEventSource.swift */,
				A432FF30D74178468BEBF0F3 /* LaunchAtLoginController.swift */,
				AD2A5ED36C0CB5E7C5404357 /* MacStorageDirectory.swift */,
				04055FB8BA15C8D1036D8CD3 /* MacUpdateController.swift */,
				A26F840006A86E01CDD6438C /* MainView.swift */,
				F9B5D76BF5AEDB09D049D0E2 /* MainWindowController.swift */,
				8CABE61830264A5E94E1AE0A /* MumlaMacApp.swift */,
				749B69E10CE6D1D7FC443EBA /* PillView.swift */,
				898B56239AD94246CC0FF25C /* PillWindowController.swift */,
				B8EB2AAABD2686E35D12AB3D /* StatusMenuController.swift */,
			);
			name = MumlaMac;
			path = Sources/MumlaMac;
			sourceTree = "<group>";
		};
		68083F43256C3DF7A9B5A6C2 /* MumlaWidgets */ = {
			isa = PBXGroup;
			children = (
				04BE26D93A1FAC26E9D592D0 /* Info.plist */,
				E17F216D3C2376C3B2F82E42 /* MumlaWidgets.entitlements */,
				BD10F02C250E626695DAB3B1 /* MumlaWidgets.swift */,
			);
			name = MumlaWidgets;
			path = Apps/iOS/MumlaWidgets;
			sourceTree = "<group>";
		};
		7FFC68FB74EAB2B63D9F5E6F /* Resources */ = {
			isa = PBXGroup;
			children = (
				92571BD96423422D811E989B /* Assets.xcassets */,
			);
			name = Resources;
			path = Apps/macOS/Mumla/Resources;
			sourceTree = "<group>";
		};
		9E197791A43590C2139C946B /* Resources */ = {
			isa = PBXGroup;
			children = (
				DE0C3F8DC853DBE2181553E6 /* Assets.xcassets */,
			);
			path = Resources;
			sourceTree = "<group>";
		};
		EF3BC2D02AC5C4708D03B55C /* Packages */ = {
			isa = PBXGroup;
			children = (
				5A3A2CDBEC82B9925A49C8C4 /* Mumla */,
			);
			name = Packages;
			sourceTree = "<group>";
		};
/* End PBXGroup section */

/* Begin PBXNativeTarget section */
		437EA56A822C97529DC23F62 /* MumlaUITests */ = {
			isa = PBXNativeTarget;
			buildConfigurationList = B852279F5AA0834EA7D8EACA /* Build configuration list for PBXNativeTarget "MumlaUITests" */;
			buildPhases = (
				8F64F9DB488E969158C15170 /* Sources */,
			);
			buildRules = (
			);
			dependencies = (
				18DA3F0A835077703368651D /* PBXTargetDependency */,
			);
			name = MumlaUITests;
			packageProductDependencies = (
			);
			productName = MumlaUITests;
			productReference = E8C8EAC8BCA99267DCFC8585 /* MumlaUITests.xctest */;
			productType = "com.apple.product-type.bundle.ui-testing";
		};
		45A5202F9C883FE1B67273FE /* MumlaMac */ = {
			isa = PBXNativeTarget;
			buildConfigurationList = 25A931A159D21302F94AA575 /* Build configuration list for PBXNativeTarget "MumlaMac" */;
			buildPhases = (
				1F8797E6A68D2AC47FF18FDF /* Sources */,
				9497492C5970F5293DE92544 /* Resources */,
				7A22940B9D7BEEACB64E9DA3 /* Frameworks */,
			);
			buildRules = (
			);
			dependencies = (
			);
			name = MumlaMac;
			packageProductDependencies = (
				F2609A56CC257B5C0FCF5E47 /* MumlaCore */,
				DCCF805E83C2E642E16A02D7 /* MumlaAudio */,
				5642B22DF990E1C9A6F8EE1A /* MumlaUI */,
			);
			productName = MumlaMac;
			productReference = 4F7F84A3491DB7F273F94E53 /* MumlaMac.app */;
			productType = "com.apple.product-type.application";
		};
		8E7A10A7CA10C460A1FF55C0 /* MumlaKeyboard */ = {
			isa = PBXNativeTarget;
			buildConfigurationList = A6AEF5B964AF28ECEF506EEA /* Build configuration list for PBXNativeTarget "MumlaKeyboard" */;
			buildPhases = (
				F2B2AE4C2C011C3F2CD03E05 /* Sources */,
				E29E833228AF7CE5DEB55838 /* Frameworks */,
			);
			buildRules = (
			);
			dependencies = (
			);
			name = MumlaKeyboard;
			packageProductDependencies = (
				659F23D5D52E09F72854982F /* MumlaCore */,
				07493FEA651A87897D27D793 /* MumlaUI */,
			);
			productName = MumlaKeyboard;
			productReference = 791F70BF1C779A4CF3E87870 /* MumlaKeyboard.appex */;
			productType = "com.apple.product-type.app-extension";
		};
		C7C4FD593979683E8896F3EC /* MumlaWidgets */ = {
			isa = PBXNativeTarget;
			buildConfigurationList = 11B37FA3A66E229331F98901 /* Build configuration list for PBXNativeTarget "MumlaWidgets" */;
			buildPhases = (
				1B44A506F5D13F8C0B6CE333 /* Sources */,
				780EC63BEED8FA5305193BBD /* Frameworks */,
			);
			buildRules = (
			);
			dependencies = (
			);
			name = MumlaWidgets;
			packageProductDependencies = (
				75CC8FED39427CE6DD48F6F0 /* MumlaCore */,
				774F6B637BA229F4B010927A /* MumlaUI */,
			);
			productName = MumlaWidgets;
			productReference = B2FE40E14122384A93F10589 /* MumlaWidgets.appex */;
			productType = "com.apple.product-type.app-extension";
		};
		C8A7C6C1CFBEB957E9A70E84 /* Mumla */ = {
			isa = PBXNativeTarget;
			buildConfigurationList = 8AFC3AAFC7512F7B14A82122 /* Build configuration list for PBXNativeTarget "Mumla" */;
			buildPhases = (
				44421AA357C72541E45C39A3 /* Sources */,
				FDD131D29FA8E4769DDA84A3 /* Resources */,
				C456B922BA4A7C5B12BFDE6E /* Frameworks */,
				1E6BB3E67222BD1420686562 /* Embed Foundation Extensions */,
			);
			buildRules = (
			);
			dependencies = (
				AF6770C82C95173CEFA6BCC1 /* PBXTargetDependency */,
				FC496B0862910B4FF31C3CDA /* PBXTargetDependency */,
			);
			name = Mumla;
			packageProductDependencies = (
				0DDCBC9B5E04500DC92D19F9 /* MumlaCore */,
				C491BBC3375F9562F9A9D873 /* MumlaAudio */,
				C6DED7A42B8D56339AB76A38 /* MumlaUI */,
			);
			productName = Mumla;
			productReference = 0D7DC48BF893D41E14900954 /* Mumla.app */;
			productType = "com.apple.product-type.application";
		};
		CFCEC58692639870835ABD2F /* MumlaMacDirect */ = {
			isa = PBXNativeTarget;
			buildConfigurationList = BCBF879E873D26C11ACAEC46 /* Build configuration list for PBXNativeTarget "MumlaMacDirect" */;
			buildPhases = (
				BAD38126B8C51427A74BE771 /* Sources */,
				D606DE148002012E3B72A47F /* Resources */,
				D90CF15B580230519C49F22B /* Frameworks */,
			);
			buildRules = (
			);
			dependencies = (
			);
			name = MumlaMacDirect;
			packageProductDependencies = (
				0AEFF1145452A94A52DBBB40 /* MumlaCore */,
				021BC8B02CA8F42D521D39E4 /* MumlaAudio */,
				946D9658BC9A10346B877E47 /* MumlaUI */,
				519A2842446BC1359D62140E /* Sparkle */,
			);
			productName = MumlaMacDirect;
			productReference = 44E58014013CC8E21640D766 /* MumlaMacDirect.app */;
			productType = "com.apple.product-type.application";
		};
		F0BC92DF48E9B30C71E5BECC /* MumlaIOSTests */ = {
			isa = PBXNativeTarget;
			buildConfigurationList = B32D684D3C3C39B5F381DAC5 /* Build configuration list for PBXNativeTarget "MumlaIOSTests" */;
			buildPhases = (
				8835A5E3E6CC38818DCFD4FE /* Sources */,
			);
			buildRules = (
			);
			dependencies = (
				D527929CCA1BB16065024084 /* PBXTargetDependency */,
			);
			name = MumlaIOSTests;
			packageProductDependencies = (
			);
			productName = MumlaIOSTests;
			productReference = 68ACD3D29BE320734D8C94AC /* MumlaIOSTests.xctest */;
			productType = "com.apple.product-type.bundle.unit-test";
		};
/* End PBXNativeTarget section */

/* Begin PBXProject section */
		3C67C509A4F6F34DDB8C4594 /* Project object */ = {
			isa = PBXProject;
			attributes = {
				BuildIndependentTargetsInParallel = YES;
				LastUpgradeCheck = 2600;
				TargetAttributes = {
					437EA56A822C97529DC23F62 = {
						DevelopmentTeam = PF2PWR4YG4;
						ProvisioningStyle = Automatic;
						TestTargetID = C8A7C6C1CFBEB957E9A70E84;
					};
					45A5202F9C883FE1B67273FE = {
						DevelopmentTeam = PF2PWR4YG4;
						ProvisioningStyle = Automatic;
					};
					8E7A10A7CA10C460A1FF55C0 = {
						DevelopmentTeam = PF2PWR4YG4;
						ProvisioningStyle = Automatic;
					};
					C7C4FD593979683E8896F3EC = {
						DevelopmentTeam = PF2PWR4YG4;
						ProvisioningStyle = Automatic;
					};
					C8A7C6C1CFBEB957E9A70E84 = {
						DevelopmentTeam = PF2PWR4YG4;
						ProvisioningStyle = Automatic;
					};
					CFCEC58692639870835ABD2F = {
						DevelopmentTeam = PF2PWR4YG4;
						ProvisioningStyle = Manual;
					};
					F0BC92DF48E9B30C71E5BECC = {
						DevelopmentTeam = PF2PWR4YG4;
						ProvisioningStyle = Automatic;
					};
				};
			};
			buildConfigurationList = 1D6437E8F0C4AB2CC9962038 /* Build configuration list for PBXProject "Mumla" */;
			developmentRegion = en;
			hasScannedForEncodings = 0;
			knownRegions = (
				Base,
				en,
			);
			mainGroup = 19420A6CEF8F15B4641F4DA6;
			minimizedProjectReferenceProxies = 1;
			packageReferences = (
				BEDC72CA9ADAB396B03A20C8 /* XCRemoteSwiftPackageReference "Sparkle" */,
				8B932B82DC184EEFAE8445ED /* XCLocalSwiftPackageReference "." */,
			);
			preferredProjectObjectVersion = 77;
			productRefGroup = 6519C290311E8BDCCE3A84D3 /* Products */;
			projectDirPath = "";
			projectRoot = "";
			targets = (
				C8A7C6C1CFBEB957E9A70E84 /* Mumla */,
				F0BC92DF48E9B30C71E5BECC /* MumlaIOSTests */,
				8E7A10A7CA10C460A1FF55C0 /* MumlaKeyboard */,
				45A5202F9C883FE1B67273FE /* MumlaMac */,
				CFCEC58692639870835ABD2F /* MumlaMacDirect */,
				437EA56A822C97529DC23F62 /* MumlaUITests */,
				C7C4FD593979683E8896F3EC /* MumlaWidgets */,
			);
		};
/* End PBXProject section */

/* Begin PBXResourcesBuildPhase section */
		9497492C5970F5293DE92544 /* Resources */ = {
			isa = PBXResourcesBuildPhase;
			buildActionMask = 2147483647;
			files = (
				B300AA5D46F982F27219F3C2 /* Assets.xcassets in Resources */,
			);
			runOnlyForDeploymentPostprocessing = 0;
		};
		D606DE148002012E3B72A47F /* Resources */ = {
			isa = PBXResourcesBuildPhase;
			buildActionMask = 2147483647;
			files = (
				F6BB33EB8DA3043C0153E813 /* Assets.xcassets in Resources */,
			);
			runOnlyForDeploymentPostprocessing = 0;
		};
		FDD131D29FA8E4769DDA84A3 /* Resources */ = {
			isa = PBXResourcesBuildPhase;
			buildActionMask = 2147483647;
			files = (
				92FEFDDA53433933C2D8C0F3 /* Assets.xcassets in Resources */,
			);
			runOnlyForDeploymentPostprocessing = 0;
		};
/* End PBXResourcesBuildPhase section */

/* Begin PBXSourcesBuildPhase section */
		1B44A506F5D13F8C0B6CE333 /* Sources */ = {
			isa = PBXSourcesBuildPhase;
			buildActionMask = 2147483647;
			files = (
				8D6D006F7B00BA0D51DC32A3 /* KeyboardSessionActivity.swift in Sources */,
				D008130794F3D58FAD3FC6A3 /* MumlaWidgets.swift in Sources */,
			);
			runOnlyForDeploymentPostprocessing = 0;
		};
		1F8797E6A68D2AC47FF18FDF /* Sources */ = {
			isa = PBXSourcesBuildPhase;
			buildActionMask = 2147483647;
			files = (
				B20D8AB68B32ABBAD570899A /* AccessibilityPermission.swift in Sources */,
				B3C2CE5843FB1780074B06D0 /* AppCoordinator.swift in Sources */,
				391610879AA51AC52FF2AFA0 /* AppUpdateInstallGate.swift in Sources */,
				4C360FB45B6D0C7DBACB2491 /* ClipboardTextInserter.swift in Sources */,
				065760EDCEF33AA9175A54F5 /* ControlHotkeyMonitor.swift in Sources */,
				B7A29B34EE46B28B15AE4581 /* FocusedFieldEditObserver.swift in Sources */,
				5383AD414A7C20B2C8D57A59 /* FocusedTextTargetInspector.swift in Sources */,
				A574CF983F6E06E20756689C /* HotkeyEventSource.swift in Sources */,
				4BD34DE07A2E83C28BC39532 /* LaunchAtLoginController.swift in Sources */,
				F78A2C4346174E97A1701275 /* MacStorageDirectory.swift in Sources */,
				A774592AA706D3097154EC0B /* MacUpdateController.swift in Sources */,
				BA3F945570826A391E965859 /* MainView.swift in Sources */,
				57D2461181FFD8C44BBB9162 /* MainWindowController.swift in Sources */,
				D3354B508BC8C7CD6753E616 /* MumlaMacApp.swift in Sources */,
				AD90C06988792860C1D9F6FD /* PillView.swift in Sources */,
				0B9CC038F26F324291172FFF /* PillWindowController.swift in Sources */,
				FCB324B1695DC0C9876A6350 /* StatusMenuController.swift in Sources */,
			);
			runOnlyForDeploymentPostprocessing = 0;
		};
		44421AA357C72541E45C39A3 /* Sources */ = {
			isa = PBXSourcesBuildPhase;
			buildActionMask = 2147483647;
			files = (
				47646516A2C545F39F0D2A67 /* CorrectableTranscript.swift in Sources */,
				748E13453C97705C236EE45A /* DictationSession.swift in Sources */,
				497FBD9C8D95567A213457FE /* KeyboardAudioCapture.swift in Sources */,
				2B7589E69123A05BE17AA7B3 /* KeyboardDictationSession.swift in Sources */,
				27F538873CE6DB98AE927318 /* KeyboardPreviewHarness.swift in Sources */,
				5FEC291BE863F4FB9756E2FF /* KeyboardSessionActivity.swift in Sources */,
				D2BCCAC15B2A2E2B9DCFBE52 /* KeyboardSetupSheet.swift in Sources */,
				BC59DCA6E81E340BEFFC281B /* MumlaApp.swift in Sources */,
				4E2291D64BBE014A4FF6BE7D /* MumlaHomeView.swift in Sources */,
				79981F12C18B985B1A82EE66 /* MumlaSheets.swift in Sources */,
			);
			runOnlyForDeploymentPostprocessing = 0;
		};
		8835A5E3E6CC38818DCFD4FE /* Sources */ = {
			isa = PBXSourcesBuildPhase;
			buildActionMask = 2147483647;
			files = (
				E96A6626ADB312ADEBB76BE2 /* KeyboardAudioCaptureTests.swift in Sources */,
			);
			runOnlyForDeploymentPostprocessing = 0;
		};
		8F64F9DB488E969158C15170 /* Sources */ = {
			isa = PBXSourcesBuildPhase;
			buildActionMask = 2147483647;
			files = (
				25AED98B3018961C52085E75 /* MumlaUITests.swift in Sources */,
			);
			runOnlyForDeploymentPostprocessing = 0;
		};
		BAD38126B8C51427A74BE771 /* Sources */ = {
			isa = PBXSourcesBuildPhase;
			buildActionMask = 2147483647;
			files = (
				53B809D47C29BFD1DFDB420E /* AccessibilityPermission.swift in Sources */,
				BE32EB9AFC91A28357364AD6 /* AppCoordinator.swift in Sources */,
				5D99978EB75E2BDF1F9CD88E /* AppUpdateInstallGate.swift in Sources */,
				81F1DC32ADD15685188CDD18 /* ClipboardTextInserter.swift in Sources */,
				02669D6FEE2591498532D9E5 /* ControlHotkeyMonitor.swift in Sources */,
				C2BE52AF10B2327351D27901 /* FocusedFieldEditObserver.swift in Sources */,
				7E8D425EA6F7DB8E1BD1A830 /* FocusedTextTargetInspector.swift in Sources */,
				8463FA770CBD257B18E65DA4 /* HotkeyEventSource.swift in Sources */,
				6381149654C0DF316C1ADCC8 /* LaunchAtLoginController.swift in Sources */,
				2DD4FB04F443B74040B4CF10 /* MacStorageDirectory.swift in Sources */,
				4EBDD6C2EDE4DD83B5E10F48 /* MacUpdateController.swift in Sources */,
				B5201BB10944B9325AFAA8FC /* MainView.swift in Sources */,
				9735A3D7D4FD626EAB89372E /* MainWindowController.swift in Sources */,
				19D868E6B2A7ACA32F0BB865 /* MumlaMacApp.swift in Sources */,
				B35A13B0268D4F610D5B8C38 /* PillView.swift in Sources */,
				3E933F596B69DA7F5E9AED40 /* PillWindowController.swift in Sources */,
				30DB43CEA9D36A0FA8AF366A /* StatusMenuController.swift in Sources */,
			);
			runOnlyForDeploymentPostprocessing = 0;
		};
		F2B2AE4C2C011C3F2CD03E05 /* Sources */ = {
			isa = PBXSourcesBuildPhase;
			buildActionMask = 2147483647;
			files = (
				668A4B23244D1339FE361FFC /* KeyboardViewController.swift in Sources */,
			);
			runOnlyForDeploymentPostprocessing = 0;
		};
/* End PBXSourcesBuildPhase section */

/* Begin PBXTargetDependency section */
		18DA3F0A835077703368651D /* PBXTargetDependency */ = {
			isa = PBXTargetDependency;
			target = C8A7C6C1CFBEB957E9A70E84 /* Mumla */;
			targetProxy = 7F31C730CC34A340BDF44903 /* PBXContainerItemProxy */;
		};
		AF6770C82C95173CEFA6BCC1 /* PBXTargetDependency */ = {
			isa = PBXTargetDependency;
			target = 8E7A10A7CA10C460A1FF55C0 /* MumlaKeyboard */;
			targetProxy = 79E170A47082154AA85546E0 /* PBXContainerItemProxy */;
		};
		D527929CCA1BB16065024084 /* PBXTargetDependency */ = {
			isa = PBXTargetDependency;
			target = C8A7C6C1CFBEB957E9A70E84 /* Mumla */;
			targetProxy = 9EDDF0AB61CA68E8E8423692 /* PBXContainerItemProxy */;
		};
		FC496B0862910B4FF31C3CDA /* PBXTargetDependency */ = {
			isa = PBXTargetDependency;
			target = C7C4FD593979683E8896F3EC /* MumlaWidgets */;
			targetProxy = A3E290A5796C3D2C963B9F26 /* PBXContainerItemProxy */;
		};
/* End PBXTargetDependency section */

/* Begin XCBuildConfiguration section */
		02D0730170630C882E58B321 /* Direct */ = {
			isa = XCBuildConfiguration;
			buildSettings = {
				APPLICATION_EXTENSION_API_ONLY = YES;
				CODE_SIGN_ENTITLEMENTS = Apps/iOS/MumlaKeyboard/MumlaKeyboard.entitlements;
				INFOPLIST_FILE = Apps/iOS/MumlaKeyboard/Info.plist;
				LD_RUNPATH_SEARCH_PATHS = (
					"$(inherited)",
					"@executable_path/Frameworks",
					"@executable_path/../../Frameworks",
				);
				PRODUCT_BUNDLE_IDENTIFIER = com.mumla.app.keyboard;
				SDKROOT = iphoneos;
				SKIP_INSTALL = YES;
				TARGETED_DEVICE_FAMILY = "1,2";
			};
			name = Direct;
		};
		0C9CA1230D1B9E8469C52448 /* Release */ = {
			isa = XCBuildConfiguration;
			buildSettings = {
				APPLICATION_EXTENSION_API_ONLY = YES;
				CODE_SIGN_ENTITLEMENTS = Apps/iOS/MumlaKeyboard/MumlaKeyboard.entitlements;
				INFOPLIST_FILE = Apps/iOS/MumlaKeyboard/Info.plist;
				LD_RUNPATH_SEARCH_PATHS = (
					"$(inherited)",
					"@executable_path/Frameworks",
					"@executable_path/../../Frameworks",
				);
				PRODUCT_BUNDLE_IDENTIFIER = com.mumla.app.keyboard;
				SDKROOT = iphoneos;
				SKIP_INSTALL = YES;
				TARGETED_DEVICE_FAMILY = "1,2";
			};
			name = Release;
		};
		1A690BD3BFEC7E411583E399 /* Release */ = {
			isa = XCBuildConfiguration;
			buildSettings = {
				BUNDLE_LOADER = "$(TEST_HOST)";
				GENERATE_INFOPLIST_FILE = YES;
				LD_RUNPATH_SEARCH_PATHS = (
					"$(inherited)",
					"@executable_path/Frameworks",
					"@loader_path/Frameworks",
				);
				PRODUCT_BUNDLE_IDENTIFIER = com.mumla.app.iostests;
				SDKROOT = iphoneos;
				TARGETED_DEVICE_FAMILY = "1,2";
				TEST_HOST = "$(BUILT_PRODUCTS_DIR)/Mumla.app/Mumla";
			};
			name = Release;
		};
		325FA22EE68976BF5E897516 /* Direct */ = {
			isa = XCBuildConfiguration;
			buildSettings = {
				ASSETCATALOG_COMPILER_APPICON_NAME = AppIcon;
				ASSETCATALOG_COMPILER_GLOBAL_ACCENT_COLOR_NAME = AccentColor;
				CODE_SIGN_ENTITLEMENTS = Apps/macOS/Mumla/Mumla.entitlements;
				COMBINE_HIDPI_IMAGES = YES;
				CURRENT_PROJECT_VERSION = 29;
				ENABLE_HARDENED_RUNTIME = YES;
				INFOPLIST_FILE = Apps/macOS/Mumla/Info.plist;
				LD_RUNPATH_SEARCH_PATHS = (
					"$(inherited)",
					"@executable_path/../Frameworks",
				);
				MACOSX_DEPLOYMENT_TARGET = 14.0;
				MUMLA_DISTRIBUTION = "app-store";
				PRODUCT_BUNDLE_IDENTIFIER = com.mumla.app;
				PRODUCT_NAME = Mumla;
				SDKROOT = macosx;
			};
			name = Direct;
		};
		33C0B199BBEF3D67201B9800 /* Release */ = {
			isa = XCBuildConfiguration;
			buildSettings = {
				APPLICATION_EXTENSION_API_ONLY = YES;
				CODE_SIGN_ENTITLEMENTS = Apps/iOS/MumlaWidgets/MumlaWidgets.entitlements;
				INFOPLIST_FILE = Apps/iOS/MumlaWidgets/Info.plist;
				LD_RUNPATH_SEARCH_PATHS = (
					"$(inherited)",
					"@executable_path/Frameworks",
					"@executable_path/../../Frameworks",
				);
				PRODUCT_BUNDLE_IDENTIFIER = com.mumla.app.widgets;
				SDKROOT = iphoneos;
				SKIP_INSTALL = YES;
				TARGETED_DEVICE_FAMILY = "1,2";
			};
			name = Release;
		};
		4578896E4AEEAA6497DA5410 /* Direct */ = {
			isa = XCBuildConfiguration;
			buildSettings = {
				APPLICATION_EXTENSION_API_ONLY = YES;
				CODE_SIGN_ENTITLEMENTS = Apps/iOS/MumlaWidgets/MumlaWidgets.entitlements;
				INFOPLIST_FILE = Apps/iOS/MumlaWidgets/Info.plist;
				LD_RUNPATH_SEARCH_PATHS = (
					"$(inherited)",
					"@executable_path/Frameworks",
					"@executable_path/../../Frameworks",
				);
				PRODUCT_BUNDLE_IDENTIFIER = com.mumla.app.widgets;
				SDKROOT = iphoneos;
				SKIP_INSTALL = YES;
				TARGETED_DEVICE_FAMILY = "1,2";
			};
			name = Direct;
		};
		4FABA43C317C845A013882F7 /* Direct */ = {
			isa = XCBuildConfiguration;
			buildSettings = {
				ASSETCATALOG_COMPILER_APPICON_NAME = AppIcon;
				ASSETCATALOG_COMPILER_GLOBAL_ACCENT_COLOR_NAME = AccentColor;
				CODE_SIGN_ENTITLEMENTS = Apps/macOS/Mumla/MumlaDirect.entitlements;
				CODE_SIGN_IDENTITY = "Developer ID Application";
				CODE_SIGN_STYLE = Manual;
				COMBINE_HIDPI_IMAGES = YES;
				CURRENT_PROJECT_VERSION = 36;
				ENABLE_HARDENED_RUNTIME = YES;
				INFOPLIST_FILE = "Apps/macOS/Mumla/Info-Direct.plist";
				LD_RUNPATH_SEARCH_PATHS = (
					"$(inherited)",
					"@executable_path/../Frameworks",
				);
				MACOSX_DEPLOYMENT_TARGET = 14.0;
				MUMLA_DISTRIBUTION = direct;
				PRODUCT_BUNDLE_IDENTIFIER = com.mumla.app;
				PRODUCT_NAME = Mumla;
				SDKROOT = macosx;
				SWIFT_ACTIVE_COMPILATION_CONDITIONS = "$(inherited) MUMLA_DIRECT_UPDATES";
			};
			name = Direct;
		};
		58C4D4DE2806EAE0229E144C /* Debug */ = {
			isa = XCBuildConfiguration;
			buildSettings = {
				BUNDLE_LOADER = "$(TEST_HOST)";
				GENERATE_INFOPLIST_FILE = YES;
				LD_RUNPATH_SEARCH_PATHS = (
					"$(inherited)",
					"@executable_path/Frameworks",
					"@loader_path/Frameworks",
				);
				PRODUCT_BUNDLE_IDENTIFIER = com.mumla.app.iostests;
				SDKROOT = iphoneos;
				TARGETED_DEVICE_FAMILY = "1,2";
				TEST_HOST = "$(BUILT_PRODUCTS_DIR)/Mumla.app/Mumla";
			};
			name = Debug;
		};
		59CA09B71C37FDB51B566ADE /* Debug */ = {
			isa = XCBuildConfiguration;
			buildSettings = {
				ASSETCATALOG_COMPILER_APPICON_NAME = AppIcon;
				ASSETCATALOG_COMPILER_GLOBAL_ACCENT_COLOR_NAME = AccentColor;
				CODE_SIGN_ENTITLEMENTS = Apps/macOS/Mumla/MumlaDirect.entitlements;
				CODE_SIGN_IDENTITY = "Developer ID Application";
				CODE_SIGN_STYLE = Manual;
				COMBINE_HIDPI_IMAGES = YES;
				CURRENT_PROJECT_VERSION = 36;
				ENABLE_HARDENED_RUNTIME = YES;
				INFOPLIST_FILE = "Apps/macOS/Mumla/Info-Direct.plist";
				LD_RUNPATH_SEARCH_PATHS = (
					"$(inherited)",
					"@executable_path/../Frameworks",
				);
				MACOSX_DEPLOYMENT_TARGET = 14.0;
				MUMLA_DISTRIBUTION = direct;
				PRODUCT_BUNDLE_IDENTIFIER = com.mumla.app;
				PRODUCT_NAME = Mumla;
				SDKROOT = macosx;
				SWIFT_ACTIVE_COMPILATION_CONDITIONS = "$(inherited) MUMLA_DIRECT_UPDATES";
			};
			name = Debug;
		};
		5E36377025CBDB0632C96B3C /* Debug */ = {
			isa = XCBuildConfiguration;
			buildSettings = {
				ASSETCATALOG_COMPILER_APPICON_NAME = AppIcon;
				ASSETCATALOG_COMPILER_GLOBAL_ACCENT_COLOR_NAME = AccentColor;
				CODE_SIGN_ENTITLEMENTS = Apps/iOS/Mumla/Mumla.entitlements;
				CODE_SIGN_IDENTITY = "iPhone Developer";
				INFOPLIST_FILE = Apps/iOS/Mumla/Info.plist;
				LD_RUNPATH_SEARCH_PATHS = (
					"$(inherited)",
					"@executable_path/Frameworks",
				);
				PRODUCT_BUNDLE_IDENTIFIER = com.mumla.app;
				SDKROOT = iphoneos;
				TARGETED_DEVICE_FAMILY = "1,2";
			};
			name = Debug;
		};
		6C90CD9F6FDE6D3ABF682C57 /* Release */ = {
			isa = XCBuildConfiguration;
			buildSettings = {
				ASSETCATALOG_COMPILER_APPICON_NAME = AppIcon;
				ASSETCATALOG_COMPILER_GLOBAL_ACCENT_COLOR_NAME = AccentColor;
				CODE_SIGN_ENTITLEMENTS = Apps/macOS/Mumla/Mumla.entitlements;
				COMBINE_HIDPI_IMAGES = YES;
				CURRENT_PROJECT_VERSION = 29;
				ENABLE_HARDENED_RUNTIME = YES;
				INFOPLIST_FILE = Apps/macOS/Mumla/Info.plist;
				LD_RUNPATH_SEARCH_PATHS = (
					"$(inherited)",
					"@executable_path/../Frameworks",
				);
				MACOSX_DEPLOYMENT_TARGET = 14.0;
				MUMLA_DISTRIBUTION = "app-store";
				PRODUCT_BUNDLE_IDENTIFIER = com.mumla.app;
				PRODUCT_NAME = Mumla;
				SDKROOT = macosx;
			};
			name = Release;
		};
		6D2ACF4B539B4CFA1E674E2D /* Debug */ = {
			isa = XCBuildConfiguration;
			buildSettings = {
				BUNDLE_LOADER = "$(TEST_HOST)";
				GENERATE_INFOPLIST_FILE = YES;
				LD_RUNPATH_SEARCH_PATHS = (
					"$(inherited)",
					"@executable_path/Frameworks",
					"@loader_path/Frameworks",
				);
				PRODUCT_BUNDLE_IDENTIFIER = com.mumla.app.uitests;
				SDKROOT = iphoneos;
				TARGETED_DEVICE_FAMILY = "1,2";
				TEST_TARGET_NAME = Mumla;
			};
			name = Debug;
		};
		78B40A637EDF8CED96AC3BA4 /* Debug */ = {
			isa = XCBuildConfiguration;
			buildSettings = {
				ALWAYS_SEARCH_USER_PATHS = NO;
				CLANG_ANALYZER_NONNULL = YES;
				CLANG_ANALYZER_NUMBER_OBJECT_CONVERSION = YES_AGGRESSIVE;
				CLANG_CXX_LANGUAGE_STANDARD = "gnu++14";
				CLANG_CXX_LIBRARY = "libc++";
				CLANG_ENABLE_MODULES = YES;
				CLANG_ENABLE_OBJC_ARC = YES;
				CLANG_ENABLE_OBJC_WEAK = YES;
				CLANG_WARN_BLOCK_CAPTURE_AUTORELEASING = YES;
				CLANG_WARN_BOOL_CONVERSION = YES;
				CLANG_WARN_COMMA = YES;
				CLANG_WARN_CONSTANT_CONVERSION = YES;
				CLANG_WARN_DEPRECATED_OBJC_IMPLEMENTATIONS = YES;
				CLANG_WARN_DIRECT_OBJC_ISA_USAGE = YES_ERROR;
				CLANG_WARN_DOCUMENTATION_COMMENTS = YES;
				CLANG_WARN_EMPTY_BODY = YES;
				CLANG_WARN_ENUM_CONVERSION = YES;
				CLANG_WARN_INFINITE_RECURSION = YES;
				CLANG_WARN_INT_CONVERSION = YES;
				CLANG_WARN_NON_LITERAL_NULL_CONVERSION = YES;
				CLANG_WARN_OBJC_IMPLICIT_RETAIN_SELF = YES;
				CLANG_WARN_OBJC_LITERAL_CONVERSION = YES;
				CLANG_WARN_OBJC_ROOT_CLASS = YES_ERROR;
				CLANG_WARN_QUOTED_INCLUDE_IN_FRAMEWORK_HEADER = YES;
				CLANG_WARN_RANGE_LOOP_ANALYSIS = YES;
				CLANG_WARN_STRICT_PROTOTYPES = YES;
				CLANG_WARN_SUSPICIOUS_MOVE = YES;
				CLANG_WARN_UNGUARDED_AVAILABILITY = YES_AGGRESSIVE;
				CLANG_WARN_UNREACHABLE_CODE = YES;
				CLANG_WARN__DUPLICATE_METHOD_MATCH = YES;
				CODE_SIGN_STYLE = Automatic;
				COPY_PHASE_STRIP = NO;
				CURRENT_PROJECT_VERSION = 30;
				DEBUG_INFORMATION_FORMAT = dwarf;
				DEVELOPMENT_TEAM = PF2PWR4YG4;
				ENABLE_STRICT_OBJC_MSGSEND = YES;
				ENABLE_TESTABILITY = YES;
				GCC_C_LANGUAGE_STANDARD = gnu11;
				GCC_DYNAMIC_NO_PIC = NO;
				GCC_NO_COMMON_BLOCKS = YES;
				GCC_OPTIMIZATION_LEVEL = 0;
				GCC_PREPROCESSOR_DEFINITIONS = (
					"$(inherited)",
					"DEBUG=1",
				);
				GCC_WARN_64_TO_32_BIT_CONVERSION = YES;
				GCC_WARN_ABOUT_RETURN_TYPE = YES_ERROR;
				GCC_WARN_UNDECLARED_SELECTOR = YES;
				GCC_WARN_UNINITIALIZED_AUTOS = YES_AGGRESSIVE;
				GCC_WARN_UNUSED_FUNCTION = YES;
				GCC_WARN_UNUSED_VARIABLE = YES;
				IPHONEOS_DEPLOYMENT_TARGET = 17.0;
				MACOSX_DEPLOYMENT_TARGET = 14.0;
				MARKETING_VERSION = 1.0.1;
				MTL_ENABLE_DEBUG_INFO = INCLUDE_SOURCE;
				MTL_FAST_MATH = YES;
				ONLY_ACTIVE_ARCH = YES;
				PRODUCT_NAME = "$(TARGET_NAME)";
				SUPPORTS_MACCATALYST = NO;
				SUPPORTS_MAC_DESIGNED_FOR_IPHONE_IPAD = NO;
				SUPPORTS_XR_DESIGNED_FOR_IPHONE_IPAD = NO;
				SWIFT_ACTIVE_COMPILATION_CONDITIONS = DEBUG;
				SWIFT_OPTIMIZATION_LEVEL = "-Onone";
				SWIFT_VERSION = 6.0;
				TARGETED_DEVICE_FAMILY = "1,2";
			};
			name = Debug;
		};
		838B28302C391A1E45390CDA /* Release */ = {
			isa = XCBuildConfiguration;
			buildSettings = {
				BUNDLE_LOADER = "$(TEST_HOST)";
				GENERATE_INFOPLIST_FILE = YES;
				LD_RUNPATH_SEARCH_PATHS = (
					"$(inherited)",
					"@executable_path/Frameworks",
					"@loader_path/Frameworks",
				);
				PRODUCT_BUNDLE_IDENTIFIER = com.mumla.app.uitests;
				SDKROOT = iphoneos;
				TARGETED_DEVICE_FAMILY = "1,2";
				TEST_TARGET_NAME = Mumla;
			};
			name = Release;
		};
		9EB937EB204091CCD2A8C4BA /* Direct */ = {
			isa = XCBuildConfiguration;
			buildSettings = {
				ALWAYS_SEARCH_USER_PATHS = NO;
				CLANG_ANALYZER_NONNULL = YES;
				CLANG_ANALYZER_NUMBER_OBJECT_CONVERSION = YES_AGGRESSIVE;
				CLANG_CXX_LANGUAGE_STANDARD = "gnu++14";
				CLANG_CXX_LIBRARY = "libc++";
				CLANG_ENABLE_MODULES = YES;
				CLANG_ENABLE_OBJC_ARC = YES;
				CLANG_ENABLE_OBJC_WEAK = YES;
				CLANG_WARN_BLOCK_CAPTURE_AUTORELEASING = YES;
				CLANG_WARN_BOOL_CONVERSION = YES;
				CLANG_WARN_COMMA = YES;
				CLANG_WARN_CONSTANT_CONVERSION = YES;
				CLANG_WARN_DEPRECATED_OBJC_IMPLEMENTATIONS = YES;
				CLANG_WARN_DIRECT_OBJC_ISA_USAGE = YES_ERROR;
				CLANG_WARN_DOCUMENTATION_COMMENTS = YES;
				CLANG_WARN_EMPTY_BODY = YES;
				CLANG_WARN_ENUM_CONVERSION = YES;
				CLANG_WARN_INFINITE_RECURSION = YES;
				CLANG_WARN_INT_CONVERSION = YES;
				CLANG_WARN_NON_LITERAL_NULL_CONVERSION = YES;
				CLANG_WARN_OBJC_IMPLICIT_RETAIN_SELF = YES;
				CLANG_WARN_OBJC_LITERAL_CONVERSION = YES;
				CLANG_WARN_OBJC_ROOT_CLASS = YES_ERROR;
				CLANG_WARN_QUOTED_INCLUDE_IN_FRAMEWORK_HEADER = YES;
				CLANG_WARN_RANGE_LOOP_ANALYSIS = YES;
				CLANG_WARN_STRICT_PROTOTYPES = YES;
				CLANG_WARN_SUSPICIOUS_MOVE = YES;
				CLANG_WARN_UNGUARDED_AVAILABILITY = YES_AGGRESSIVE;
				CLANG_WARN_UNREACHABLE_CODE = YES;
				CLANG_WARN__DUPLICATE_METHOD_MATCH = YES;
				CODE_SIGN_STYLE = Automatic;
				COPY_PHASE_STRIP = NO;
				CURRENT_PROJECT_VERSION = 30;
				DEBUG_INFORMATION_FORMAT = "dwarf-with-dsym";
				DEVELOPMENT_TEAM = PF2PWR4YG4;
				ENABLE_NS_ASSERTIONS = NO;
				ENABLE_STRICT_OBJC_MSGSEND = YES;
				GCC_C_LANGUAGE_STANDARD = gnu11;
				GCC_NO_COMMON_BLOCKS = YES;
				GCC_WARN_64_TO_32_BIT_CONVERSION = YES;
				GCC_WARN_ABOUT_RETURN_TYPE = YES_ERROR;
				GCC_WARN_UNDECLARED_SELECTOR = YES;
				GCC_WARN_UNINITIALIZED_AUTOS = YES_AGGRESSIVE;
				GCC_WARN_UNUSED_FUNCTION = YES;
				GCC_WARN_UNUSED_VARIABLE = YES;
				IPHONEOS_DEPLOYMENT_TARGET = 17.0;
				MACOSX_DEPLOYMENT_TARGET = 14.0;
				MARKETING_VERSION = 1.0.1;
				MTL_ENABLE_DEBUG_INFO = NO;
				MTL_FAST_MATH = YES;
				PRODUCT_NAME = "$(TARGET_NAME)";
				SUPPORTS_MACCATALYST = NO;
				SUPPORTS_MAC_DESIGNED_FOR_IPHONE_IPAD = NO;
				SUPPORTS_XR_DESIGNED_FOR_IPHONE_IPAD = NO;
				SWIFT_COMPILATION_MODE = wholemodule;
				SWIFT_OPTIMIZATION_LEVEL = "-O";
				SWIFT_VERSION = 6.0;
				TARGETED_DEVICE_FAMILY = "1,2";
			};
			name = Direct;
		};
		A5DCD21840A78AD20E8107DE /* Direct */ = {
			isa = XCBuildConfiguration;
			buildSettings = {
				ASSETCATALOG_COMPILER_APPICON_NAME = AppIcon;
				ASSETCATALOG_COMPILER_GLOBAL_ACCENT_COLOR_NAME = AccentColor;
				CODE_SIGN_ENTITLEMENTS = Apps/iOS/Mumla/Mumla.entitlements;
				CODE_SIGN_IDENTITY = "iPhone Developer";
				INFOPLIST_FILE = Apps/iOS/Mumla/Info.plist;
				LD_RUNPATH_SEARCH_PATHS = (
					"$(inherited)",
					"@executable_path/Frameworks",
				);
				PRODUCT_BUNDLE_IDENTIFIER = com.mumla.app;
				SDKROOT = iphoneos;
				TARGETED_DEVICE_FAMILY = "1,2";
			};
			name = Direct;
		};
		A75A986E41B2E2061B717ACD /* Debug */ = {
			isa = XCBuildConfiguration;
			buildSettings = {
				ASSETCATALOG_COMPILER_APPICON_NAME = AppIcon;
				ASSETCATALOG_COMPILER_GLOBAL_ACCENT_COLOR_NAME = AccentColor;
				CODE_SIGN_ENTITLEMENTS = Apps/macOS/Mumla/Mumla.entitlements;
				COMBINE_HIDPI_IMAGES = YES;
				CURRENT_PROJECT_VERSION = 29;
				ENABLE_HARDENED_RUNTIME = YES;
				INFOPLIST_FILE = Apps/macOS/Mumla/Info.plist;
				LD_RUNPATH_SEARCH_PATHS = (
					"$(inherited)",
					"@executable_path/../Frameworks",
				);
				MACOSX_DEPLOYMENT_TARGET = 14.0;
				MUMLA_DISTRIBUTION = "app-store";
				PRODUCT_BUNDLE_IDENTIFIER = com.mumla.app;
				PRODUCT_NAME = Mumla;
				SDKROOT = macosx;
			};
			name = Debug;
		};
		AEB4D427D5E964AF581DB193 /* Direct */ = {
			isa = XCBuildConfiguration;
			buildSettings = {
				BUNDLE_LOADER = "$(TEST_HOST)";
				GENERATE_INFOPLIST_FILE = YES;
				LD_RUNPATH_SEARCH_PATHS = (
					"$(inherited)",
					"@executable_path/Frameworks",
					"@loader_path/Frameworks",
				);
				PRODUCT_BUNDLE_IDENTIFIER = com.mumla.app.uitests;
				SDKROOT = iphoneos;
				TARGETED_DEVICE_FAMILY = "1,2";
				TEST_TARGET_NAME = Mumla;
			};
			name = Direct;
		};
		BF1D0354ADFFB7352AF4E965 /* Debug */ = {
			isa = XCBuildConfiguration;
			buildSettings = {
				APPLICATION_EXTENSION_API_ONLY = YES;
				CODE_SIGN_ENTITLEMENTS = Apps/iOS/MumlaKeyboard/MumlaKeyboard.entitlements;
				INFOPLIST_FILE = Apps/iOS/MumlaKeyboard/Info.plist;
				LD_RUNPATH_SEARCH_PATHS = (
					"$(inherited)",
					"@executable_path/Frameworks",
					"@executable_path/../../Frameworks",
				);
				PRODUCT_BUNDLE_IDENTIFIER = com.mumla.app.keyboard;
				SDKROOT = iphoneos;
				SKIP_INSTALL = YES;
				TARGETED_DEVICE_FAMILY = "1,2";
			};
			name = Debug;
		};
		C71C3C6170CF313240DEC3D5 /* Direct */ = {
			isa = XCBuildConfiguration;
			buildSettings = {
				BUNDLE_LOADER = "$(TEST_HOST)";
				GENERATE_INFOPLIST_FILE = YES;
				LD_RUNPATH_SEARCH_PATHS = (
					"$(inherited)",
					"@executable_path/Frameworks",
					"@loader_path/Frameworks",
				);
				PRODUCT_BUNDLE_IDENTIFIER = com.mumla.app.iostests;
				SDKROOT = iphoneos;
				TARGETED_DEVICE_FAMILY = "1,2";
				TEST_HOST = "$(BUILT_PRODUCTS_DIR)/Mumla.app/Mumla";
			};
			name = Direct;
		};
		CDCB1C05076CA340789877F4 /* Release */ = {
			isa = XCBuildConfiguration;
			buildSettings = {
				ALWAYS_SEARCH_USER_PATHS = NO;
				CLANG_ANALYZER_NONNULL = YES;
				CLANG_ANALYZER_NUMBER_OBJECT_CONVERSION = YES_AGGRESSIVE;
				CLANG_CXX_LANGUAGE_STANDARD = "gnu++14";
				CLANG_CXX_LIBRARY = "libc++";
				CLANG_ENABLE_MODULES = YES;
				CLANG_ENABLE_OBJC_ARC = YES;
				CLANG_ENABLE_OBJC_WEAK = YES;
				CLANG_WARN_BLOCK_CAPTURE_AUTORELEASING = YES;
				CLANG_WARN_BOOL_CONVERSION = YES;
				CLANG_WARN_COMMA = YES;
				CLANG_WARN_CONSTANT_CONVERSION = YES;
				CLANG_WARN_DEPRECATED_OBJC_IMPLEMENTATIONS = YES;
				CLANG_WARN_DIRECT_OBJC_ISA_USAGE = YES_ERROR;
				CLANG_WARN_DOCUMENTATION_COMMENTS = YES;
				CLANG_WARN_EMPTY_BODY = YES;
				CLANG_WARN_ENUM_CONVERSION = YES;
				CLANG_WARN_INFINITE_RECURSION = YES;
				CLANG_WARN_INT_CONVERSION = YES;
				CLANG_WARN_NON_LITERAL_NULL_CONVERSION = YES;
				CLANG_WARN_OBJC_IMPLICIT_RETAIN_SELF = YES;
				CLANG_WARN_OBJC_LITERAL_CONVERSION = YES;
				CLANG_WARN_OBJC_ROOT_CLASS = YES_ERROR;
				CLANG_WARN_QUOTED_INCLUDE_IN_FRAMEWORK_HEADER = YES;
				CLANG_WARN_RANGE_LOOP_ANALYSIS = YES;
				CLANG_WARN_STRICT_PROTOTYPES = YES;
				CLANG_WARN_SUSPICIOUS_MOVE = YES;
				CLANG_WARN_UNGUARDED_AVAILABILITY = YES_AGGRESSIVE;
				CLANG_WARN_UNREACHABLE_CODE = YES;
				CLANG_WARN__DUPLICATE_METHOD_MATCH = YES;
				CODE_SIGN_STYLE = Automatic;
				COPY_PHASE_STRIP = NO;
				CURRENT_PROJECT_VERSION = 30;
				DEBUG_INFORMATION_FORMAT = "dwarf-with-dsym";
				DEVELOPMENT_TEAM = PF2PWR4YG4;
				ENABLE_NS_ASSERTIONS = NO;
				ENABLE_STRICT_OBJC_MSGSEND = YES;
				GCC_C_LANGUAGE_STANDARD = gnu11;
				GCC_NO_COMMON_BLOCKS = YES;
				GCC_WARN_64_TO_32_BIT_CONVERSION = YES;
				GCC_WARN_ABOUT_RETURN_TYPE = YES_ERROR;
				GCC_WARN_UNDECLARED_SELECTOR = YES;
				GCC_WARN_UNINITIALIZED_AUTOS = YES_AGGRESSIVE;
				GCC_WARN_UNUSED_FUNCTION = YES;
				GCC_WARN_UNUSED_VARIABLE = YES;
				IPHONEOS_DEPLOYMENT_TARGET = 17.0;
				MACOSX_DEPLOYMENT_TARGET = 14.0;
				MARKETING_VERSION = 1.0.1;
				MTL_ENABLE_DEBUG_INFO = NO;
				MTL_FAST_MATH = YES;
				PRODUCT_NAME = "$(TARGET_NAME)";
				SUPPORTS_MACCATALYST = NO;
				SUPPORTS_MAC_DESIGNED_FOR_IPHONE_IPAD = NO;
				SUPPORTS_XR_DESIGNED_FOR_IPHONE_IPAD = NO;
				SWIFT_COMPILATION_MODE = wholemodule;
				SWIFT_OPTIMIZATION_LEVEL = "-O";
				SWIFT_VERSION = 6.0;
				TARGETED_DEVICE_FAMILY = "1,2";
			};
			name = Release;
		};
		D6E182643A00B2E74C91C2AD /* Debug */ = {
			isa = XCBuildConfiguration;
			buildSettings = {
				APPLICATION_EXTENSION_API_ONLY = YES;
				CODE_SIGN_ENTITLEMENTS = Apps/iOS/MumlaWidgets/MumlaWidgets.entitlements;
				INFOPLIST_FILE = Apps/iOS/MumlaWidgets/Info.plist;
				LD_RUNPATH_SEARCH_PATHS = (
					"$(inherited)",
					"@executable_path/Frameworks",
					"@executable_path/../../Frameworks",
				);
				PRODUCT_BUNDLE_IDENTIFIER = com.mumla.app.widgets;
				SDKROOT = iphoneos;
				SKIP_INSTALL = YES;
				TARGETED_DEVICE_FAMILY = "1,2";
			};
			name = Debug;
		};
		E3AACF7512D281AE934572DC /* Release */ = {
			isa = XCBuildConfiguration;
			buildSettings = {
				ASSETCATALOG_COMPILER_APPICON_NAME = AppIcon;
				ASSETCATALOG_COMPILER_GLOBAL_ACCENT_COLOR_NAME = AccentColor;
				CODE_SIGN_ENTITLEMENTS = Apps/macOS/Mumla/MumlaDirect.entitlements;
				CODE_SIGN_IDENTITY = "Developer ID Application";
				CODE_SIGN_STYLE = Manual;
				COMBINE_HIDPI_IMAGES = YES;
				CURRENT_PROJECT_VERSION = 36;
				ENABLE_HARDENED_RUNTIME = YES;
				INFOPLIST_FILE = "Apps/macOS/Mumla/Info-Direct.plist";
				LD_RUNPATH_SEARCH_PATHS = (
					"$(inherited)",
					"@executable_path/../Frameworks",
				);
				MACOSX_DEPLOYMENT_TARGET = 14.0;
				MUMLA_DISTRIBUTION = direct;
				PRODUCT_BUNDLE_IDENTIFIER = com.mumla.app;
				PRODUCT_NAME = Mumla;
				SDKROOT = macosx;
				SWIFT_ACTIVE_COMPILATION_CONDITIONS = "$(inherited) MUMLA_DIRECT_UPDATES";
			};
			name = Release;
		};
		FD119ACAF2F8B0B87045CF73 /* Release */ = {
			isa = XCBuildConfiguration;
			buildSettings = {
				ASSETCATALOG_COMPILER_APPICON_NAME = AppIcon;
				ASSETCATALOG_COMPILER_GLOBAL_ACCENT_COLOR_NAME = AccentColor;
				CODE_SIGN_ENTITLEMENTS = Apps/iOS/Mumla/Mumla.entitlements;
				CODE_SIGN_IDENTITY = "iPhone Developer";
				INFOPLIST_FILE = Apps/iOS/Mumla/Info.plist;
				LD_RUNPATH_SEARCH_PATHS = (
					"$(inherited)",
					"@executable_path/Frameworks",
				);
				PRODUCT_BUNDLE_IDENTIFIER = com.mumla.app;
				SDKROOT = iphoneos;
				TARGETED_DEVICE_FAMILY = "1,2";
			};
			name = Release;
		};
/* End XCBuildConfiguration section */

/* Begin XCConfigurationList section */
		11B37FA3A66E229331F98901 /* Build configuration list for PBXNativeTarget "MumlaWidgets" */ = {
			isa = XCConfigurationList;
			buildConfigurations = (
				D6E182643A00B2E74C91C2AD /* Debug */,
				4578896E4AEEAA6497DA5410 /* Direct */,
				33C0B199BBEF3D67201B9800 /* Release */,
			);
			defaultConfigurationIsVisible = 0;
			defaultConfigurationName = Debug;
		};
		1D6437E8F0C4AB2CC9962038 /* Build configuration list for PBXProject "Mumla" */ = {
			isa = XCConfigurationList;
			buildConfigurations = (
				78B40A637EDF8CED96AC3BA4 /* Debug */,
				9EB937EB204091CCD2A8C4BA /* Direct */,
				CDCB1C05076CA340789877F4 /* Release */,
			);
			defaultConfigurationIsVisible = 0;
			defaultConfigurationName = Debug;
		};
		25A931A159D21302F94AA575 /* Build configuration list for PBXNativeTarget "MumlaMac" */ = {
			isa = XCConfigurationList;
			buildConfigurations = (
				A75A986E41B2E2061B717ACD /* Debug */,
				325FA22EE68976BF5E897516 /* Direct */,
				6C90CD9F6FDE6D3ABF682C57 /* Release */,
			);
			defaultConfigurationIsVisible = 0;
			defaultConfigurationName = Debug;
		};
		8AFC3AAFC7512F7B14A82122 /* Build configuration list for PBXNativeTarget "Mumla" */ = {
			isa = XCConfigurationList;
			buildConfigurations = (
				5E36377025CBDB0632C96B3C /* Debug */,
				A5DCD21840A78AD20E8107DE /* Direct */,
				FD119ACAF2F8B0B87045CF73 /* Release */,
			);
			defaultConfigurationIsVisible = 0;
			defaultConfigurationName = Debug;
		};
		A6AEF5B964AF28ECEF506EEA /* Build configuration list for PBXNativeTarget "MumlaKeyboard" */ = {
			isa = XCConfigurationList;
			buildConfigurations = (
				BF1D0354ADFFB7352AF4E965 /* Debug */,
				02D0730170630C882E58B321 /* Direct */,
				0C9CA1230D1B9E8469C52448 /* Release */,
			);
			defaultConfigurationIsVisible = 0;
			defaultConfigurationName = Debug;
		};
		B32D684D3C3C39B5F381DAC5 /* Build configuration list for PBXNativeTarget "MumlaIOSTests" */ = {
			isa = XCConfigurationList;
			buildConfigurations = (
				58C4D4DE2806EAE0229E144C /* Debug */,
				C71C3C6170CF313240DEC3D5 /* Direct */,
				1A690BD3BFEC7E411583E399 /* Release */,
			);
			defaultConfigurationIsVisible = 0;
			defaultConfigurationName = Debug;
		};
		B852279F5AA0834EA7D8EACA /* Build configuration list for PBXNativeTarget "MumlaUITests" */ = {
			isa = XCConfigurationList;
			buildConfigurations = (
				6D2ACF4B539B4CFA1E674E2D /* Debug */,
				AEB4D427D5E964AF581DB193 /* Direct */,
				838B28302C391A1E45390CDA /* Release */,
			);
			defaultConfigurationIsVisible = 0;
			defaultConfigurationName = Debug;
		};
		BCBF879E873D26C11ACAEC46 /* Build configuration list for PBXNativeTarget "MumlaMacDirect" */ = {
			isa = XCConfigurationList;
			buildConfigurations = (
				59CA09B71C37FDB51B566ADE /* Debug */,
				4FABA43C317C845A013882F7 /* Direct */,
				E3AACF7512D281AE934572DC /* Release */,
			);
			defaultConfigurationIsVisible = 0;
			defaultConfigurationName = Debug;
		};
/* End XCConfigurationList section */

/* Begin XCLocalSwiftPackageReference section */
		8B932B82DC184EEFAE8445ED /* XCLocalSwiftPackageReference "." */ = {
			isa = XCLocalSwiftPackageReference;
			relativePath = .;
		};
/* End XCLocalSwiftPackageReference section */

/* Begin XCRemoteSwiftPackageReference section */
		BEDC72CA9ADAB396B03A20C8 /* XCRemoteSwiftPackageReference "Sparkle" */ = {
			isa = XCRemoteSwiftPackageReference;
			repositoryURL = "https://github.com/sparkle-project/Sparkle.git";
			requirement = {
				kind = exactVersion;
				version = 2.10.0;
			};
		};
/* End XCRemoteSwiftPackageReference section */

/* Begin XCSwiftPackageProductDependency section */
		021BC8B02CA8F42D521D39E4 /* MumlaAudio */ = {
			isa = XCSwiftPackageProductDependency;
			productName = MumlaAudio;
		};
		07493FEA651A87897D27D793 /* MumlaUI */ = {
			isa = XCSwiftPackageProductDependency;
			productName = MumlaUI;
		};
		0AEFF1145452A94A52DBBB40 /* MumlaCore */ = {
			isa = XCSwiftPackageProductDependency;
			productName = MumlaCore;
		};
		0DDCBC9B5E04500DC92D19F9 /* MumlaCore */ = {
			isa = XCSwiftPackageProductDependency;
			productName = MumlaCore;
		};
		519A2842446BC1359D62140E /* Sparkle */ = {
			isa = XCSwiftPackageProductDependency;
			package = BEDC72CA9ADAB396B03A20C8 /* XCRemoteSwiftPackageReference "Sparkle" */;
			productName = Sparkle;
		};
		5642B22DF990E1C9A6F8EE1A /* MumlaUI */ = {
			isa = XCSwiftPackageProductDependency;
			productName = MumlaUI;
		};
		659F23D5D52E09F72854982F /* MumlaCore */ = {
			isa = XCSwiftPackageProductDependency;
			productName = MumlaCore;
		};
		75CC8FED39427CE6DD48F6F0 /* MumlaCore */ = {
			isa = XCSwiftPackageProductDependency;
			productName = MumlaCore;
		};
		774F6B637BA229F4B010927A /* MumlaUI */ = {
			isa = XCSwiftPackageProductDependency;
			productName = MumlaUI;
		};
		946D9658BC9A10346B877E47 /* MumlaUI */ = {
			isa = XCSwiftPackageProductDependency;
			productName = MumlaUI;
		};
		C491BBC3375F9562F9A9D873 /* MumlaAudio */ = {
			isa = XCSwiftPackageProductDependency;
			productName = MumlaAudio;
		};
		C6DED7A42B8D56339AB76A38 /* MumlaUI */ = {
			isa = XCSwiftPackageProductDependency;
			productName = MumlaUI;
		};
		DCCF805E83C2E642E16A02D7 /* MumlaAudio */ = {
			isa = XCSwiftPackageProductDependency;
			productName = MumlaAudio;
		};
		F2609A56CC257B5C0FCF5E47 /* MumlaCore */ = {
			isa = XCSwiftPackageProductDependency;
			productName = MumlaCore;
		};
/* End XCSwiftPackageProductDependency section */
	};
	rootObject = 3C67C509A4F6F34DDB8C4594 /* Project object */;
}
